{
  "../../external/x402-private": {
    "rev": "0fd862e2dc734ca0303210c919e246990b5c1cc7"
  },
  "../escrow/lib/forge-std": {
    "rev": "addeae62cd620c53f2fdc91bfc82396f5df79d1d"
  },
  "../escrow/lib/openzeppelin-contracts": {
    "rev": "4a67c6f3ab2be41487889a020c99e11dedbd6eb4"
  },
  "../escrow/lib/openzeppelin-contracts-upgradeable": {
    "rev": "62164b46517484f5b734d2c0e7e647de058685bf"
  },
  "external/x402-private": {
    "branch": {
      "name": "main",
      "rev": "3211e365dc998d8853d1a5cf16d6673feef57340"
    }
  },
  "lib/BokkyPooBahsDateTimeLibrary": {
    "rev": "1dc26f977c57a6ba3ed6d7c53cafdb191e7e59ae"
  },
  "lib/forge-std": {
    "tag": {
      "name": "v1.10.0",
      "rev": "8bbcf6e3f8f62f419e5429a0bd89331c85c37824"
    }
  },
  "lib/modulekit": {
    "tag": {
      "name": "v0.5.9",
      "rev": "b696ccbe1b16a55d8b1a1de192309500af0fae5e"
    }
  },
  "lib/openzeppelin-contracts": {
    "tag": {
      "name": "v5.4.0",
      "rev": "c64a1edb67b6e3f4a15cca8909c9482ad33a02b0"
    }
  },
  "lib/openzeppelin-contracts-upgradeable": {
    "tag": {
      "name": "v5.4.0",
      "rev": "e725abddf1e01cf05ace496e950fc8e243cc7cab"
    }
  },
  "packages/account-modules/lib/BokkyPooBahsDateTimeLibrary": {
    "rev": "1dc26f977c57a6ba3ed6d7c53cafdb191e7e59ae"
  },
  "packages/account-modules/lib/forge-std": {
    "rev": "8bbcf6e3f8f62f419e5429a0bd89331c85c37824"
  },
  "packages/account-modules/lib/modulekit": {
    "rev": "676bb65032c17b13ecd15ee89f435f0afeffca9b"
  },
  "packages/account-modules/lib/openzeppelin-contracts": {
    "rev": "c64a1edb67b6e3f4a15cca8909c9482ad33a02b0"
  },
  "packages/escrow/lib/forge-std": {
    "rev": "addeae62cd620c53f2fdc91bfc82396f5df79d1d"
  },
  "packages/escrow/lib/openzeppelin-contracts": {
    "rev": "4a67c6f3ab2be41487889a020c99e11dedbd6eb4"
  },
  "packages/escrow/lib/openzeppelin-contracts-upgradeable": {
    "rev": "62164b46517484f5b734d2c0e7e647de058685bf"
  }
}